
Microsoft Visual Studio Solution File, Format Version 12.00
# Visual Studio Version 16
VisualStudioVersion = 16.0.810.0
MinimumVisualStudioVersion = 10.0.40219.1
Project("{FAE04EC0-301F-11D3-BF4B-00C04F79EFBC}") = "XCTPopupsWithDataSample.Android", "XCTPopupsWithDataSample.Android\XCTPopupsWithDataSample.Android.csproj", "{76FF9268-B086-4DEC-BD7C-BC674927EC47}"
EndProject
Project("{FAE04EC0-301F-11D3-BF4B-00C04F79EFBC}") = "XCTPopupsWithDataSample.iOS", "XCTPopupsWithDataSample.iOS\XCTPopupsWithDataSample.iOS.csproj", "{1E49E7DB-90A7-4261-B1E8-F549EFD2817D}"
EndProject
Project("{FAE04EC0-301F-11D3-BF4B-00C04F79EFBC}") = "XCTPopupsWithDataSample", "XCTPopupsWithDataSample\XCTPopupsWithDataSample.csproj", "{8150B13B-78EE-46D8-AA23-CAA596E81FF2}"
EndProject
Global
	GlobalSection(SolutionConfigurationPlatforms) = preSolution
		Debug|Any CPU = Debug|Any CPU
		Release|Any CPU = Release|Any CPU
		Debug|iPhoneSimulator = Debug|iPhoneSimulator
		Release|iPhoneSimulator = Release|iPhoneSimulator
		Debug|iPhone = Debug|iPhone
		Release|iPhone = Release|iPhone
	EndGlobalSection
	GlobalSection(ProjectConfigurationPlatforms) = postSolution
		{76FF9268-B086-4DEC-BD7C-BC674927EC47}.Debug|Any CPU.ActiveCfg = Debug|Any CPU
		{76FF9268-B086-4DEC-BD7C-BC674927EC47}.Debug|Any CPU.Build.0 = Debug|Any CPU
		{76FF9268-B086-4DEC-BD7C-BC674927EC47}.Release|Any CPU.ActiveCfg = Release|Any CPU
		{76FF9268-B086-4DEC-BD7C-BC674927EC47}.Release|Any CPU.Build.0 = Release|Any CPU
		{76FF9268-B086-4DEC-BD7C-BC674927EC47}.Debug|iPhoneSimulator.ActiveCfg = Debug|Any CPU
		{76FF9268-B086-4DEC-BD7C-BC674927EC47}.Debug|iPhoneSimulator.Build.0 = Debug|Any CPU
		{76FF9268-B086-4DEC-BD7C-BC674927EC47}.Release|iPhoneSimulator.ActiveCfg = Release|Any CPU
		{76FF9268-B086-4DEC-BD7C-BC674927EC47}.Release|iPhoneSimulator.Build.0 = Release|Any CPU
		{76FF9268-B086-4DEC-BD7C-BC674927EC47}.Debug|iPhone.ActiveCfg = Debug|Any CPU
		{76FF9268-B086-4DEC-BD7C-BC674927EC47}.Debug|iPhone.Build.0 = Debug|Any CPU
		{76FF9268-B086-4DEC-BD7C-BC674927EC47}.Release|iPhone.ActiveCfg = Release|Any CPU
		{76FF9268-B086-4DEC-BD7C-BC674927EC47}.Release|iPhone.Build.0 = Release|Any CPU
		{1E49E7DB-90A7-4261-B1E8-F549EFD2817D}.Debug|Any CPU.ActiveCfg = Debug|iPhoneSimulator
		{1E49E7DB-90A7-4261-B1E8-F549EFD2817D}.Debug|Any CPU.Build.0 = Debug|iPhoneSimulator
		{1E49E7DB-90A7-4261-B1E8-F549EFD2817D}.Release|Any CPU.ActiveCfg = Release|iPhoneSimulator
		{1E49E7DB-90A7-4261-B1E8-F549EFD2817D}.Release|Any CPU.Build.0 = Release|iPhoneSimulator
		{1E49E7DB-90A7-4261-B1E8-F549EFD2817D}.Debug|iPhoneSimulator.ActiveCfg = Debug|iPhoneSimulator
		{1E49E7DB-90A7-4261-B1E8-F549EFD2817D}.Debug|iPhoneSimulator.Build.0 = Debug|iPhoneSimulator
		{1E49E7DB-90A7-4261-B1E8-F549EFD2817D}.Release|iPhoneSimulator.ActiveCfg = Release|iPhoneSimulator
		{1E49E7DB-90A7-4261-B1E8-F549EFD2817D}.Release|iPhoneSimulator.Build.0 = Release|iPhoneSimulator
		{1E49E7DB-90A7-4261-B1E8-F549EFD2817D}.Debug|iPhone.ActiveCfg = Debug|iPhone
		{1E49E7DB-90A7-4261-B1E8-F549EFD2817D}.Debug|iPhone.Build.0 = Debug|iPhone
		{1E49E7DB-90A7-4261-B1E8-F549EFD2817D}.Release|iPhone.ActiveCfg = Release|iPhone
		{1E49E7DB-90A7-4261-B1E8-F549EFD2817D}.Release|iPhone.Build.0 = Release|iPhone
		{8150B13B-78EE-46D8-AA23-CAA596E81FF2}.Debug|Any CPU.ActiveCfg = Debug|Any CPU
		{8150B13B-78EE-46D8-AA23-CAA596E81FF2}.Debug|Any CPU.Build.0 = Debug|Any CPU
		{8150B13B-78EE-46D8-AA23-CAA596E81FF2}.Release|Any CPU.ActiveCfg = Release|Any CPU
		{8150B13B-78EE-46D8-AA23-CAA596E81FF2}.Release|Any CPU.Build.0 = Release|Any CPU
		{8150B13B-78EE-46D8-AA23-CAA596E81FF2}.Debug|iPhoneSimulator.ActiveCfg = Debug|Any CPU
		{8150B13B-78EE-46D8-AA23-CAA596E81FF2}.Debug|iPhoneSimulator.Build.0 = Debug|Any CPU
		{8150B13B-78EE-46D8-AA23-CAA596E81FF2}.Release|iPhoneSimulator.ActiveCfg = Release|Any CPU
		{8150B13B-78EE-46D8-AA23-CAA596E81FF2}.Release|iPhoneSimulator.Build.0 = Release|Any CPU
		{8150B13B-78EE-46D8-AA23-CAA596E81FF2}.Debug|iPhone.ActiveCfg = Debug|Any CPU
		{8150B13B-78EE-46D8-AA23-CAA596E81FF2}.Debug|iPhone.Build.0 = Debug|Any CPU
		{8150B13B-78EE-46D8-AA23-CAA596E81FF2}.Release|iPhone.ActiveCfg = Release|Any CPU
		{8150B13B-78EE-46D8-AA23-CAA596E81FF2}.Release|iPhone.Build.0 = Release|Any CPU
	EndGlobalSection
	GlobalSection(SolutionProperties) = preSolution
		HideSolutionNode = FALSE
	EndGlobalSection
	GlobalSection(ExtensibilityGlobals) = postSolution
		SolutionGuid = {B78936AB-8A5D-4147-9547-7DD8A48896FC}
	EndGlobalSection
EndGlobal
